github.com/Felix12390/Funtemps v0.0.0-20230218180640-ad06534d349a h1:x5gGHF+Nh2bzD2ADz+9Y3d0btPXlU+5axHA71XuJiT8=
github.com/Felix12390/Funtemps v0.0.0-20230218180640-ad06534d349a/go.mod h1:JQzbBXj0SRAxKJ+gBPL+mayK555B+WYfYFcJY3Ew/UE=
github.com/Felix12390/is105sem03 v0.0.0-20230421061236-43418044352b h1:qYDGxv1fbT+HFO5A4cWH+5DH4D5E8QsM9mfUgNPSsjc=
github.com/Felix12390/is105sem03 v0.0.0-20230421061236-43418044352b/go.mod h1:0G2XXHFSBZSCLT8EdSQ+waroOa2QxYQoYaTmrRMO0iM=
github.com/Felix12390/minyr v0.0.0-20230414101113-27177c5c05b6 h1:B0/0u6J+Ge7l60hLBI7d1j9N8p9miy+WN4rtKJP9bMU=
github.com/Felix12390/minyr v0.0.0-20230414101113-27177c5c05b6/go.mod h1:c4dajRA3VwJt0DzP0hKi2yysiPLoiA8m9XpV8923ZQk=
